
Microsoft Visual Studio Solution File, Format Version 12.00
# Visual Studio 2013
VisualStudioVersion = 12.0.21005.1
MinimumVisualStudioVersion = 10.0.40219.1
Project("{8BC9CEB8-8B4A-11D0-8D11-00A0C91BC942}") = "2_22_C复试", "2_22_C复试\2_22_C复试.vcxproj", "{0000F161-5B48-4E8E-93F1-354D6CC22F08}"
EndProject
Global
	GlobalSection(SolutionConfigurationPlatforms) = preSolution
		Debug|Win32 = Debug|Win32
		Release|Win32 = Release|Win32
	EndGlobalSection
	GlobalSection(ProjectConfigurationPlatforms) = postSolution
		{0000F161-5B48-4E8E-93F1-354D6CC22F08}.Debug|Win32.ActiveCfg = Debug|Win32
		{0000F161-5B48-4E8E-93F1-354D6CC22F08}.Debug|Win32.Build.0 = Debug|Win32
		{0000F161-5B48-4E8E-93F1-354D6CC22F08}.Release|Win32.ActiveCfg = Release|Win32
		{0000F161-5B48-4E8E-93F1-354D6CC22F08}.Release|Win32.Build.0 = Release|Win32
	EndGlobalSection
	GlobalSection(SolutionProperties) = preSolution
		HideSolutionNode = FALSE
	EndGlobalSection
EndGlobal
